
Microsoft Visual Studio Solution File, Format Version 12.00
# Visual Studio 15
Project("{FAE04EC0-301F-11D3-BF4B-00C04F79EFBC}") = "BatchPieces", "BatchPieces\BatchPieces.csproj", "{CD0A1A9C-3C7A-465A-894F-4BFC4B19A359}"
EndProject
Project("{FAE04EC0-301F-11D3-BF4B-00C04F79EFBC}") = "BatchPieces.Tests", "BatchPieces.Tests\BatchPieces.Tests.csproj", "{BE3F8FDF-C243-45F6-BEEA-A3EA695EE1AC}"
EndProject
Global
	GlobalSection(SolutionConfigurationPlatforms) = preSolution
		Debug|Any CPU = Debug|Any CPU
		Release|Any CPU = Release|Any CPU
	EndGlobalSection
	GlobalSection(ProjectConfigurationPlatforms) = postSolution
		{CD0A1A9C-3C7A-465A-894F-4BFC4B19A359}.Debug|Any CPU.ActiveCfg = Debug|Any CPU
		{CD0A1A9C-3C7A-465A-894F-4BFC4B19A359}.Debug|Any CPU.Build.0 = Debug|Any CPU
		{CD0A1A9C-3C7A-465A-894F-4BFC4B19A359}.Release|Any CPU.ActiveCfg = Release|Any CPU
		{CD0A1A9C-3C7A-465A-894F-4BFC4B19A359}.Release|Any CPU.Build.0 = Release|Any CPU
		{BE3F8FDF-C243-45F6-BEEA-A3EA695EE1AC}.Debug|Any CPU.ActiveCfg = Debug|Any CPU
		{BE3F8FDF-C243-45F6-BEEA-A3EA695EE1AC}.Debug|Any CPU.Build.0 = Debug|Any CPU
		{BE3F8FDF-C243-45F6-BEEA-A3EA695EE1AC}.Release|Any CPU.ActiveCfg = Release|Any CPU
		{BE3F8FDF-C243-45F6-BEEA-A3EA695EE1AC}.Release|Any CPU.Build.0 = Release|Any CPU
	EndGlobalSection
EndGlobal
